
Microsoft Visual Studio Solution File, Format Version 12.00
# Visual Studio Version 16
VisualStudioVersion = 16.0.31729.503
MinimumVisualStudioVersion = 10.0.40219.1
Project("{FAE04EC0-301F-11D3-BF4B-00C04F79EFBC}") = "NewOwoda", "NewOwoda\NewOwoda.csproj", "{A9FEAE5F-3094-451E-8A71-C3E481374A74}"
EndProject
Global
	GlobalSection(SolutionConfigurationPlatforms) = preSolution
		Debug|Any CPU = Debug|Any CPU
		Release|Any CPU = Release|Any CPU
	EndGlobalSection
	GlobalSection(ProjectConfigurationPlatforms) = postSolution
		{A9FEAE5F-3094-451E-8A71-C3E481374A74}.Debug|Any CPU.ActiveCfg = Debug|Any CPU
		{A9FEAE5F-3094-451E-8A71-C3E481374A74}.Debug|Any CPU.Build.0 = Debug|Any CPU
		{A9FEAE5F-3094-451E-8A71-C3E481374A74}.Release|Any CPU.ActiveCfg = Release|Any CPU
		{A9FEAE5F-3094-451E-8A71-C3E481374A74}.Release|Any CPU.Build.0 = Release|Any CPU
	EndGlobalSection
	GlobalSection(SolutionProperties) = preSolution
		HideSolutionNode = FALSE
	EndGlobalSection
	GlobalSection(ExtensibilityGlobals) = postSolution
		SolutionGuid = {A8DE586E-76F3-4554-9B93-2A852D7B72D1}
	EndGlobalSection
EndGlobal
